// !$*UTF8*$!
{
	archiveVersion = 1;
	classes = {
	};
	objectVersion = 50;
	objects = {

/* Begin PBXBuildFile section */
		52B011F425C31DF300617C37 /* To_Do_ListApp.swift in Sources */ = {isa = PBXBuildFile; fileRef = 52B011F325C31DF300617C37 /* To_Do_ListApp.swift */; };
		52B011F625C31DF300617C37 /* ContentView.swift in Sources */ = {isa = PBXBuildFile; fileRef = 52B011F525C31DF300617C37 /* ContentView.swift */; };
		52B011F825C31DFA00617C37 /* Assets.xcassets in Resources */ = {isa = PBXBuildFile; fileRef = 52B011F725C31DFA00617C37 /* Assets.xcassets */; };
		52B011FB25C31DFA00617C37 /* Preview Assets.xcassets in Resources */ = {isa = PBXBuildFile; fileRef = 52B011FA25C31DFA00617C37 /* Preview Assets.xcassets */; };
		52B0120625C31DFA00617C37 /* To_Do_ListTests.swift in Sources */ = {isa = PBXBuildFile; fileRef = 52B0120525C31DFA00617C37 /* To_Do_ListTests.swift */; };
		52B0121125C31DFB00617C37 /* To_Do_ListUITests.swift in Sources */ = {isa = PBXBuildFile; fileRef = 52B0121025C31DFB00617C37 /* To_Do_ListUITests.swift */; };
		52C049CF25C9B402009232D0 /* AddItemView.swift in Sources */ = {isa = PBXBuildFile; fileRef = 52C049CE25C9B402009232D0 /* AddItemView.swift */; };
		52F10FDD25C8694B002359C3 /* ToDoList.swift in Sources */ = {isa = PBXBuildFile; fileRef = 52F10FDC25C8694B002359C3 /* ToDoList.swift */; };
/* End PBXBuildFile section */

/* Begin PBXContainerItemProxy section */
		52B0120225C31DFA00617C37 /* PBXContainerItemProxy */ = {
			isa = PBXContainerItemProxy;
			containerPortal = 52B011E825C31DF300617C37 /* Project object */;
			proxyType = 1;
			remoteGlobalIDString = 52B011EF25C31DF300617C37;
			remoteInfo = "To Do List";
		};
		52B0120D25C31DFA00617C37 /* PBXContainerItemProxy */ = {
			isa = PBXContainerItemProxy;
			containerPortal = 52B011E825C31DF300617C37 /* Project object */;
			proxyType = 1;
			remoteGlobalIDString = 52B011EF25C31DF300617C37;
			remoteInfo = "To Do List";
		};
/* End PBXContainerItemProxy section */

/* Begin PBXFileReference section */
		52B011F025C31DF300617C37 /* To Do List.app */ = {isa = PBXFileReference; explicitFileType = wrapper.application; includeInIndex = 0; path = "To Do List.app"; sourceTree = BUILT_PRODUCTS_DIR; };
		52B011F325C31DF300617C37 /* To_Do_ListApp.swift */ = {isa = PBXFileReference; lastKnownFileType = sourcecode.swift; path = To_Do_ListApp.swift; sourceTree = "<group>"; };
		52B011F525C31DF300617C37 /* ContentView.swift */ = {isa = PBXFileReference; lastKnownFileType = sourcecode.swift; path = ContentView.swift; sourceTree = "<group>"; };
		52B011F725C31DFA00617C37 /* Assets.xcassets */ = {isa = PBXFileReference; lastKnownFileType = folder.assetcatalog; path = Assets.xcassets; sourceTree = "<group>"; };
		52B011FA25C31DFA00617C37 /* Preview Assets.xcassets */ = {isa = PBXFileReference; lastKnownFileType = folder.assetcatalog; path = "Preview Assets.xcassets"; sourceTree = "<group>"; };
		52B011FC25C31DFA00617C37 /* Info.plist */ = {isa = PBXFileReference; lastKnownFileType = text.plist.xml; path = Info.plist; sourceTree = "<group>"; };
		52B0120125C31DFA00617C37 /* To Do ListTests.xctest */ = {isa = PBXFileReference; explicitFileType = wrapper.cfbundle; includeInIndex = 0; path = "To Do ListTests.xctest"; sourceTree = BUILT_PRODUCTS_DIR; };
		52B0120525C31DFA00617C37 /* To_Do_ListTests.swift */ = {isa = PBXFileReference; lastKnownFileType = sourcecode.swift; path = To_Do_ListTests.swift; sourceTree = "<group>"; };
		52B0120725C31DFA00617C37 /* Info.plist */ = {isa = PBXFileReference; lastKnownFileType = text.plist.xml; path = Info.plist; sourceTree = "<group>"; };
		52B0120C25C31DFA00617C37 /* To Do ListUITests.xctest */ = {isa = PBXFileReference; explicitFileType = wrapper.cfbundle; includeInIndex = 0; path = "To Do ListUITests.xctest"; sourceTree = BUILT_PRODUCTS_DIR; };
		52B0121025C31DFB00617C37 /* To_Do_ListUITests.swift */ = {isa = PBXFileReference; lastKnownFileType = sourcecode.swift; path = To_Do_ListUITests.swift; sourceTree = "<group>"; };
		52B0121225C31DFB00617C37 /* Info.plist */ = {isa = PBXFileReference; lastKnownFileType = text.plist.xml; path = Info.plist; sourceTree = "<group>"; };
		52C049CE25C9B402009232D0 /* AddItemView.swift */ = {isa = PBXFileReference; lastKnownFileType = sourcecode.swift; path = AddItemView.swift; sourceTree = "<group>"; };
		52F10FDC25C8694B002359C3 /* ToDoList.swift */ = {isa = PBXFileReference; lastKnownFileType = sourcecode.swift; path = ToDoList.swift; sourceTree = "<group>"; };
/* End PBXFileReference section */

/* Begin PBXFrameworksBuildPhase section */
		52B011ED25C31DF300617C37 /* Frameworks */ = {
			isa = PBXFrameworksBuildPhase;
			buildActionMask = 2147483647;
			files = (
			);
			runOnlyForDeploymentPostprocessing = 0;
		};
		52B011FE25C31DFA00617C37 /* Frameworks */ = {
			isa = PBXFrameworksBuildPhase;
			buildActionMask = 2147483647;
			files = (
			);
			runOnlyForDeploymentPostprocessing = 0;
		};
		52B0120925C31DFA00617C37 /* Frameworks */ = {
			isa = PBXFrameworksBuildPhase;
			buildActionMask = 2147483647;
			files = (
			);
			runOnlyForDeploymentPostprocessing = 0;
		};
/* End PBXFrameworksBuildPhase section */

/* Begin PBXGroup section */
		52B011E725C31DF300617C37 = {
			isa = PBXGroup;
			children = (
				52B011F225C31DF300617C37 /* To Do List */,
				52B0120425C31DFA00617C37 /* To Do ListTests */,
				52B0120F25C31DFB00617C37 /* To Do ListUITests */,
				52B011F125C31DF300617C37 /* Products */,
			);
			sourceTree = "<group>";
		};
		52B011F125C31DF300617C37 /* Products */ = {
			isa = PBXGroup;
			children = (
				52B011F025C31DF300617C37 /* To Do List.app */,
				52B0120125C31DFA00617C37 /* To Do ListTests.xctest */,
				52B0120C25C31DFA00617C37 /* To Do ListUITests.xctest */,
			);
			name = Products;
			sourceTree = "<group>";
		};
		52B011F225C31DF300617C37 /* To Do List */ = {
			isa = PBXGroup;
			children = (
				52F10FDC25C8694B002359C3 /* ToDoList.swift */,
				52B011F325C31DF300617C37 /* To_Do_ListApp.swift */,
				52B011F525C31DF300617C37 /* ContentView.swift */,
				52C049CE25C9B402009232D0 /* AddItemView.swift */,
				52B011F725C31DFA00617C37 /* Assets.xcassets */,
				52B011FC25C31DFA00617C37 /* Info.plist */,
				52B011F925C31DFA00617C37 /* Preview Content */,
			);
			path = "To Do List";
			sourceTree = "<group>";
		};
		52B011F925C31DFA00617C37 /* Preview Content */ = {
			isa = PBXGroup;
			children = (
				52B011FA25C31DFA00617C37 /* Preview Assets.xcassets */,
			);
			path = "Preview Content";
			sourceTree = "<group>";
		};
		52B0120425C31DFA00617C37 /* To Do ListTests */ = {
			isa = PBXGroup;
			children = (
				52B0120525C31DFA00617C37 /* To_Do_ListTests.swift */,
				52B0120725C31DFA00617C37 /* Info.plist */,
			);
			path = "To Do ListTests";
			sourceTree = "<group>";
		};
		52B0120F25C31DFB00617C37 /* To Do ListUITests */ = {
			isa = PBXGroup;
			children = (
				52B0121025C31DFB00617C37 /* To_Do_ListUITests.swift */,
				52B0121225C31DFB00617C37 /* Info.plist */,
			);
			path = "To Do ListUITests";
			sourceTree = "<group>";
		};
/* End PBXGroup section */

/* Begin PBXNativeTarget section */
		52B011EF25C31DF300617C37 /* To Do List */ = {
			isa = PBXNativeTarget;
			buildConfigurationList = 52B0121525C31DFB00617C37 /* Build configuration list for PBXNativeTarget "To Do List" */;
			buildPhases = (
				52B011EC25C31DF300617C37 /* Sources */,
				52B011ED25C31DF300617C37 /* Frameworks */,
				52B011EE25C31DF300617C37 /* Resources */,
			);
			buildRules = (
			);
			dependencies = (
			);
			name = "To Do List";
			productName = "To Do List";
			productReference = 52B011F025C31DF300617C37 /* To Do List.app */;
			productType = "com.apple.product-type.application";
		};
		52B0120025C31DFA00617C37 /* To Do ListTests */ = {
			isa = PBXNativeTarget;
			buildConfigurationList = 52B0121825C31DFB00617C37 /* Build configuration list for PBXNativeTarget "To Do ListTests" */;
			buildPhases = (
				52B011FD25C31DFA00617C37 /* Sources */,
				52B011FE25C31DFA00617C37 /* Frameworks */,
				52B011FF25C31DFA00617C37 /* Resources */,
			);
			buildRules = (
			);
			dependencies = (
				52B0120325C31DFA00617C37 /* PBXTargetDependency */,
			);
			name = "To Do ListTests";
			productName = "To Do ListTests";
			productReference = 52B0120125C31DFA00617C37 /* To Do ListTests.xctest */;
			productType = "com.apple.product-type.bundle.unit-test";
		};
		52B0120B25C31DFA00617C37 /* To Do ListUITests */ = {
			isa = PBXNativeTarget;
			buildConfigurationList = 52B0121B25C31DFB00617C37 /* Build configuration list for PBXNativeTarget "To Do ListUITests" */;
			buildPhases = (
				52B0120825C31DFA00617C37 /* Sources */,
				52B0120925C31DFA00617C37 /* Frameworks */,
				52B0120A25C31DFA00617C37 /* Resources */,
			);
			buildRules = (
			);
			dependencies = (
				52B0120E25C31DFA00617C37 /* PBXTargetDependency */,
			);
			name = "To Do ListUITests";
			productName = "To Do ListUITests";
			productReference = 52B0120C25C31DFA00617C37 /* To Do ListUITests.xctest */;
			productType = "com.apple.product-type.bundle.ui-testing";
		};
/* End PBXNativeTarget section */

/* Begin PBXProject section */
		52B011E825C31DF300617C37 /* Project object */ = {
			isa = PBXProject;
			attributes = {
				LastSwiftUpdateCheck = 1230;
				LastUpgradeCheck = 1230;
				TargetAttributes = {
					52B011EF25C31DF300617C37 = {
						CreatedOnToolsVersion = 12.3;
					};
					52B0120025C31DFA00617C37 = {
						CreatedOnToolsVersion = 12.3;
						TestTargetID = 52B011EF25C31DF300617C37;
					};
					52B0120B25C31DFA00617C37 = {
						CreatedOnToolsVersion = 12.3;
						TestTargetID = 52B011EF25C31DF300617C37;
					};
				};
			};
			buildConfigurationList = 52B011EB25C31DF300617C37 /* Build configuration list for PBXProject "To Do List" */;
			compatibilityVersion = "Xcode 9.3";
			developmentRegion = en;
			hasScannedForEncodings = 0;
			knownRegions = (
				en,
				Base,
			);
			mainGroup = 52B011E725C31DF300617C37;
			productRefGroup = 52B011F125C31DF300617C37 /* Products */;
			projectDirPath = "";
			projectRoot = "";
			targets = (
				52B011EF25C31DF300617C37 /* To Do List */,
				52B0120025C31DFA00617C37 /* To Do ListTests */,
				52B0120B25C31DFA00617C37 /* To Do ListUITests */,
			);
		};
/* End PBXProject section */

/* Begin PBXResourcesBuildPhase section */
		52B011EE25C31DF300617C37 /* Resources */ = {
			isa = PBXResourcesBuildPhase;
			buildActionMask = 2147483647;
			files = (
				52B011FB25C31DFA00617C37 /* Preview Assets.xcassets in Resources */,
				52B011F825C31DFA00617C37 /* Assets.xcassets in Resources */,
			);
			runOnlyForDeploymentPostprocessing = 0;
		};
		52B011FF25C31DFA00617C37 /* Resources */ = {
			isa = PBXResourcesBuildPhase;
			buildActionMask = 2147483647;
			files = (
			);
			runOnlyForDeploymentPostprocessing = 0;
		};
		52B0120A25C31DFA00617C37 /* Resources */ = {
			isa = PBXResourcesBuildPhase;
			buildActionMask = 2147483647;
			files = (
			);
			runOnlyForDeploymentPostprocessing = 0;
		};
/* End PBXResourcesBuildPhase section */

/* Begin PBXSourcesBuildPhase section */
		52B011EC25C31DF300617C37 /* Sources */ = {
			isa = PBXSourcesBuildPhase;
			buildActionMask = 2147483647;
			files = (
				52B011F625C31DF300617C37 /* ContentView.swift in Sources */,
				52F10FDD25C8694B002359C3 /* ToDoList.swift in Sources */,
				52B011F425C31DF300617C37 /* To_Do_ListApp.swift in Sources */,
				52C049CF25C9B402009232D0 /* AddItemView.swift in Sources */,
			);
			runOnlyForDeploymentPostprocessing = 0;
		};
		52B011FD25C31DFA00617C37 /* Sources */ = {
			isa = PBXSourcesBuildPhase;
			buildActionMask = 2147483647;
			files = (
				52B0120625C31DFA00617C37 /* To_Do_ListTests.swift in Sources */,
			);
			runOnlyForDeploymentPostprocessing = 0;
		};
		52B0120825C31DFA00617C37 /* Sources */ = {
			isa = PBXSourcesBuildPhase;
			buildActionMask = 2147483647;
			files = (
				52B0121125C31DFB00617C37 /* To_Do_ListUITests.swift in Sources */,
			);
			runOnlyForDeploymentPostprocessing = 0;
		};
/* End PBXSourcesBuildPhase section */

/* Begin PBXTargetDependency section */
		52B0120325C31DFA00617C37 /* PBXTargetDependency */ = {
			isa = PBXTargetDependency;
			target = 52B011EF25C31DF300617C37 /* To Do List */;
			targetProxy = 52B0120225C31DFA00617C37 /* PBXContainerItemProxy */;
		};
		52B0120E25C31DFA00617C37 /* PBXTargetDependency */ = {
			isa = PBXTargetDependency;
			target = 52B011EF25C31DF300617C37 /* To Do List */;
			targetProxy = 52B0120D25C31DFA00617C37 /* PBXContainerItemProxy */;
		};
/* End PBXTargetDependency section */

/* Begin XCBuildConfiguration section */
		52B0121325C31DFB00617C37 /* Debug */ = {
			isa = XCBuildConfiguration;
			buildSettings = {
				ALWAYS_SEARCH_USER_PATHS = NO;
				CLANG_ANALYZER_NONNULL = YES;
				CLANG_ANALYZER_NUMBER_OBJECT_CONVERSION = YES_AGGRESSIVE;
				CLANG_CXX_LANGUAGE_STANDARD = "gnu++14";
				CLANG_CXX_LIBRARY = "libc++";
				CLANG_ENABLE_MODULES = YES;
				CLANG_ENABLE_OBJC_ARC = YES;
				CLANG_ENABLE_OBJC_WEAK = YES;
				CLANG_WARN_BLOCK_CAPTURE_AUTORELEASING = YES;
				CLANG_WARN_BOOL_CONVERSION = YES;
				CLANG_WARN_COMMA = YES;
				CLANG_WARN_CONSTANT_CONVERSION = YES;
				CLANG_WARN_DEPRECATED_OBJC_IMPLEMENTATIONS = YES;
				CLANG_WARN_DIRECT_OBJC_ISA_USAGE = YES_ERROR;
				CLANG_WARN_DOCUMENTATION_COMMENTS = YES;
				CLANG_WARN_EMPTY_BODY = YES;
				CLANG_WARN_ENUM_CONVERSION = YES;
				CLANG_WARN_INFINITE_RECURSION = YES;
				CLANG_WARN_INT_CONVERSION = YES;
				CLANG_WARN_NON_LITERAL_NULL_CONVERSION = YES;
				CLANG_WARN_OBJC_IMPLICIT_RETAIN_SELF = YES;
				CLANG_WARN_OBJC_LITERAL_CONVERSION = YES;
				CLANG_WARN_OBJC_ROOT_CLASS = YES_ERROR;
				CLANG_WARN_QUOTED_INCLUDE_IN_FRAMEWORK_HEADER = YES;
				CLANG_WARN_RANGE_LOOP_ANALYSIS = YES;
				CLANG_WARN_STRICT_PROTOTYPES = YES;
				CLANG_WARN_SUSPICIOUS_MOVE = YES;
				CLANG_WARN_UNGUARDED_AVAILABILITY = YES_AGGRESSIVE;
				CLANG_WARN_UNREACHABLE_CODE = YES;
				CLANG_WARN__DUPLICATE_METHOD_MATCH = YES;
				COPY_PHASE_STRIP = NO;
				DEBUG_INFORMATION_FORMAT = dwarf;
				ENABLE_STRICT_OBJC_MSGSEND = YES;
				ENABLE_TESTABILITY = YES;
				GCC_C_LANGUAGE_STANDARD = gnu11;
				GCC_DYNAMIC_NO_PIC = NO;
				GCC_NO_COMMON_BLOCKS = YES;
				GCC_OPTIMIZATION_LEVEL = 0;
				GCC_PREPROCESSOR_DEFINITIONS = (
					"DEBUG=1",
					"$(inherited)",
				);
				GCC_WARN_64_TO_32_BIT_CONVERSION = YES;
				GCC_WARN_ABOUT_RETURN_TYPE = YES_ERROR;
				GCC_WARN_UNDECLARED_SELECTOR = YES;
				GCC_WARN_UNINITIALIZED_AUTOS = YES_AGGRESSIVE;
				GCC_WARN_UNUSED_FUNCTION = YES;
				GCC_WARN_UNUSED_VARIABLE = YES;
				IPHONEOS_DEPLOYMENT_TARGET = 14.3;
				MTL_ENABLE_DEBUG_INFO = INCLUDE_SOURCE;
				MTL_FAST_MATH = YES;
				ONLY_ACTIVE_ARCH = YES;
				SDKROOT = iphoneos;
				SWIFT_ACTIVE_COMPILATION_CONDITIONS = DEBUG;
				SWIFT_OPTIMIZATION_LEVEL = "-Onone";
			};
			name = Debug;
		};
		52B0121425C31DFB00617C37 /* Release */ = {
			isa = XCBuildConfiguration;
			buildSettings = {
				ALWAYS_SEARCH_USER_PATHS = NO;
				CLANG_ANALYZER_NONNULL = YES;
				CLANG_ANALYZER_NUMBER_OBJECT_CONVERSION = YES_AGGRESSIVE;
				CLANG_CXX_LANGUAGE_STANDARD = "gnu++14";
				CLANG_CXX_LIBRARY = "libc++";
				CLANG_ENABLE_MODULES = YES;
				CLANG_ENABLE_OBJC_ARC = YES;
				CLANG_ENABLE_OBJC_WEAK = YES;
				CLANG_WARN_BLOCK_CAPTURE_AUTORELEASING = YES;
				CLANG_WARN_BOOL_CONVERSION = YES;
				CLANG_WARN_COMMA = YES;
				CLANG_WARN_CONSTANT_CONVERSION = YES;
				CLANG_WARN_DEPRECATED_OBJC_IMPLEMENTATIONS = YES;
				CLANG_WARN_DIRECT_OBJC_ISA_USAGE = YES_ERROR;
				CLANG_WARN_DOCUMENTATION_COMMENTS = YES;
				CLANG_WARN_EMPTY_BODY = YES;
				CLANG_WARN_ENUM_CONVERSION = YES;
				CLANG_WARN_INFINITE_RECURSION = YES;
				CLANG_WARN_INT_CONVERSION = YES;
				CLANG_WARN_NON_LITERAL_NULL_CONVERSION = YES;
				CLANG_WARN_OBJC_IMPLICIT_RETAIN_SELF = YES;
				CLANG_WARN_OBJC_LITERAL_CONVERSION = YES;
				CLANG_WARN_OBJC_ROOT_CLASS = YES_ERROR;
				CLANG_WARN_QUOTED_INCLUDE_IN_FRAMEWORK_HEADER = YES;
				CLANG_WARN_RANGE_LOOP_ANALYSIS = YES;
				CLANG_WARN_STRICT_PROTOTYPES = YES;
				CLANG_WARN_SUSPICIOUS_MOVE = YES;
				CLANG_WARN_UNGUARDED_AVAILABILITY = YES_AGGRESSIVE;
				CLANG_WARN_UNREACHABLE_CODE = YES;
				CLANG_WARN__DUPLICATE_METHOD_MATCH = YES;
				COPY_PHASE_STRIP = NO;
				DEBUG_INFORMATION_FORMAT = "dwarf-with-dsym";
				ENABLE_NS_ASSERTIONS = NO;
				ENABLE_STRICT_OBJC_MSGSEND = YES;
				GCC_C_LANGUAGE_STANDARD = gnu11;
				GCC_NO_COMMON_BLOCKS = YES;
				GCC_WARN_64_TO_32_BIT_CONVERSION = YES;
				GCC_WARN_ABOUT_RETURN_TYPE = YES_ERROR;
				GCC_WARN_UNDECLARED_SELECTOR = YES;
				GCC_WARN_UNINITIALIZED_AUTOS = YES_AGGRESSIVE;
				GCC_WARN_UNUSED_FUNCTION = YES;
				GCC_WARN_UNUSED_VARIABLE = YES;
				IPHONEOS_DEPLOYMENT_TARGET = 14.3;
				MTL_ENABLE_DEBUG_INFO = NO;
				MTL_FAST_MATH = YES;
				SDKROOT = iphoneos;
				SWIFT_COMPILATION_MODE = wholemodule;
				SWIFT_OPTIMIZATION_LEVEL = "-O";
				VALIDATE_PRODUCT = YES;
			};
			name = Release;
		};
		52B0121625C31DFB00617C37 /* Debug */ = {
			isa = XCBuildConfiguration;
			buildSettings = {
				ASSETCATALOG_COMPILER_APPICON_NAME = AppIcon;
				ASSETCATALOG_COMPILER_GLOBAL_ACCENT_COLOR_NAME = AccentColor;
				CODE_SIGN_STYLE = Automatic;
				DEVELOPMENT_ASSET_PATHS = "\"To Do List/Preview Content\"";
				ENABLE_PREVIEWS = YES;
				INFOPLIST_FILE = "To Do List/Info.plist";
				IPHONEOS_DEPLOYMENT_TARGET = 14.0;
				LD_RUNPATH_SEARCH_PATHS = (
					"$(inherited)",
					"@executable_path/Frameworks",
				);
				PRODUCT_BUNDLE_IDENTIFIER = "bhs.To-Do-List";
				PRODUCT_NAME = "$(TARGET_NAME)";
				SWIFT_VERSION = 5.0;
				TARGETED_DEVICE_FAMILY = "1,2";
			};
			name = Debug;
		};
		52B0121725C31DFB00617C37 /* Release */ = {
			isa = XCBuildConfiguration;
			buildSettings = {
				ASSETCATALOG_COMPILER_APPICON_NAME = AppIcon;
				ASSETCATALOG_COMPILER_GLOBAL_ACCENT_COLOR_NAME = AccentColor;
				CODE_SIGN_STYLE = Automatic;
				DEVELOPMENT_ASSET_PATHS = "\"To Do List/Preview Content\"";
				ENABLE_PREVIEWS = YES;
				INFOPLIST_FILE = "To Do List/Info.plist";
				IPHONEOS_DEPLOYMENT_TARGET = 14.0;
				LD_RUNPATH_SEARCH_PATHS = (
					"$(inherited)",
					"@executable_path/Frameworks",
				);
				PRODUCT_BUNDLE_IDENTIFIER = "bhs.To-Do-List";
				PRODUCT_NAME = "$(TARGET_NAME)";
				SWIFT_VERSION = 5.0;
				TARGETED_DEVICE_FAMILY = "1,2";
			};
			name = Release;
		};
		52B0121925C31DFB00617C37 /* Debug */ = {
			isa = XCBuildConfiguration;
			buildSettings = {
				ALWAYS_EMBED_SWIFT_STANDARD_LIBRARIES = YES;
				BUNDLE_LOADER = "$(TEST_HOST)";
				CODE_SIGN_STYLE = Automatic;
				INFOPLIST_FILE = "To Do ListTests/Info.plist";
				IPHONEOS_DEPLOYMENT_TARGET = 14.0;
				LD_RUNPATH_SEARCH_PATHS = (
					"$(inherited)",
					"@executable_path/Frameworks",
					"@loader_path/Frameworks",
				);
				PRODUCT_BUNDLE_IDENTIFIER = "bhs.To-Do-ListTests";
				PRODUCT_NAME = "$(TARGET_NAME)";
				SWIFT_VERSION = 5.0;
				TARGETED_DEVICE_FAMILY = "1,2";
				TEST_HOST = "$(BUILT_PRODUCTS_DIR)/To Do List.app/To Do List";
			};
			name = Debug;
		};
		52B0121A25C31DFB00617C37 /* Release */ = {
			isa = XCBuildConfiguration;
			buildSettings = {
				ALWAYS_EMBED_SWIFT_STANDARD_LIBRARIES = YES;
				BUNDLE_LOADER = "$(TEST_HOST)";
				CODE_SIGN_STYLE = Automatic;
				INFOPLIST_FILE = "To Do ListTests/Info.plist";
				IPHONEOS_DEPLOYMENT_TARGET = 14.0;
				LD_RUNPATH_SEARCH_PATHS = (
					"$(inherited)",
					"@executable_path/Frameworks",
					"@loader_path/Frameworks",
				);
				PRODUCT_BUNDLE_IDENTIFIER = "bhs.To-Do-ListTests";
				PRODUCT_NAME = "$(TARGET_NAME)";
				SWIFT_VERSION = 5.0;
				TARGETED_DEVICE_FAMILY = "1,2";
				TEST_HOST = "$(BUILT_PRODUCTS_DIR)/To Do List.app/To Do List";
			};
			name = Release;
		};
		52B0121C25C31DFB00617C37 /* Debug */ = {
			isa = XCBuildConfiguration;
			buildSettings = {
				ALWAYS_EMBED_SWIFT_STANDARD_LIBRARIES = YES;
				CODE_SIGN_STYLE = Automatic;
				INFOPLIST_FILE = "To Do ListUITests/Info.plist";
				LD_RUNPATH_SEARCH_PATHS = (
					"$(inherited)",
					"@executable_path/Frameworks",
					"@loader_path/Frameworks",
				);
				PRODUCT_BUNDLE_IDENTIFIER = "bhs.To-Do-ListUITests";
				PRODUCT_NAME = "$(TARGET_NAME)";
				SWIFT_VERSION = 5.0;
				TARGETED_DEVICE_FAMILY = "1,2";
				TEST_TARGET_NAME = "To Do List";
			};
			name = Debug;
		};
		52B0121D25C31DFB00617C37 /* Release */ = {
			isa = XCBuildConfiguration;
			buildSettings = {
				ALWAYS_EMBED_SWIFT_STANDARD_LIBRARIES = YES;
				CODE_SIGN_STYLE = Automatic;
				INFOPLIST_FILE = "To Do ListUITests/Info.plist";
				LD_RUNPATH_SEARCH_PATHS = (
					"$(inherited)",
					"@executable_path/Frameworks",
					"@loader_path/Frameworks",
				);
				PRODUCT_BUNDLE_IDENTIFIER = "bhs.To-Do-ListUITests";
				PRODUCT_NAME = "$(TARGET_NAME)";
				SWIFT_VERSION = 5.0;
				TARGETED_DEVICE_FAMILY = "1,2";
				TEST_TARGET_NAME = "To Do List";
			};
			name = Release;
		};
/* End XCBuildConfiguration section */

/* Begin XCConfigurationList section */
		52B011EB25C31DF300617C37 /* Build configuration list for PBXProject "To Do List" */ = {
			isa = XCConfigurationList;
			buildConfigurations = (
				52B0121325C31DFB00617C37 /* Debug */,
				52B0121425C31DFB00617C37 /* Release */,
			);
			defaultConfigurationIsVisible = 0;
			defaultConfigurationName = Release;
		};
		52B0121525C31DFB00617C37 /* Build configuration list for PBXNativeTarget "To Do List" */ = {
			isa = XCConfigurationList;
			buildConfigurations = (
				52B0121625C31DFB00617C37 /* Debug */,
				52B0121725C31DFB00617C37 /* Release */,
			);
			defaultConfigurationIsVisible = 0;
			defaultConfigurationName = Release;
		};
		52B0121825C31DFB00617C37 /* Build configuration list for PBXNativeTarget "To Do ListTests" */ = {
			isa = XCConfigurationList;
			buildConfigurations = (
				52B0121925C31DFB00617C37 /* Debug */,
				52B0121A25C31DFB00617C37 /* Release */,
			);
			defaultConfigurationIsVisible = 0;
			defaultConfigurationName = Release;
		};
		52B0121B25C31DFB00617C37 /* Build configuration list for PBXNativeTarget "To Do ListUITests" */ = {
			isa = XCConfigurationList;
			buildConfigurations = (
				52B0121C25C31DFB00617C37 /* Debug */,
				52B0121D25C31DFB00617C37 /* Release */,
			);
			defaultConfigurationIsVisible = 0;
			defaultConfigurationName = Release;
		};
/* End XCConfigurationList section */
	};
	rootObject = 52B011E825C31DF300617C37 /* Project object */;
}
